
Microsoft Visual Studio Solution File, Format Version 12.00
# Visual Studio Version 16
VisualStudioVersion = 16.0.29926.136
MinimumVisualStudioVersion = 10.0.40219.1
Project("{9A19103F-16F7-4668-BE54-9A1E7A4F7556}") = "EnglishBooster", "EnglishBooster.ConsoleApp\EnglishBooster.csproj", "{194AC972-53B3-4C7A-859F-59B574CAD5BF}"
EndProject
Project("{FAE04EC0-301F-11D3-BF4B-00C04F79EFBC}") = "EnglishBooster.API", "EnglishBooster.API\EnglishBooster.API.csproj", "{21EBC445-24F2-442B-B48A-8EC40092DF58}"
EndProject
Global
	GlobalSection(SolutionConfigurationPlatforms) = preSolution
		Debug|Any CPU = Debug|Any CPU
		Release|Any CPU = Release|Any CPU
	EndGlobalSection
	GlobalSection(ProjectConfigurationPlatforms) = postSolution
		{194AC972-53B3-4C7A-859F-59B574CAD5BF}.Debug|Any CPU.ActiveCfg = Debug|Any CPU
		{194AC972-53B3-4C7A-859F-59B574CAD5BF}.Debug|Any CPU.Build.0 = Debug|Any CPU
		{194AC972-53B3-4C7A-859F-59B574CAD5BF}.Release|Any CPU.ActiveCfg = Release|Any CPU
		{194AC972-53B3-4C7A-859F-59B574CAD5BF}.Release|Any CPU.Build.0 = Release|Any CPU
		{21EBC445-24F2-442B-B48A-8EC40092DF58}.Debug|Any CPU.ActiveCfg = Debug|Any CPU
		{21EBC445-24F2-442B-B48A-8EC40092DF58}.Debug|Any CPU.Build.0 = Debug|Any CPU
		{21EBC445-24F2-442B-B48A-8EC40092DF58}.Release|Any CPU.ActiveCfg = Release|Any CPU
		{21EBC445-24F2-442B-B48A-8EC40092DF58}.Release|Any CPU.Build.0 = Release|Any CPU
	EndGlobalSection
	GlobalSection(SolutionProperties) = preSolution
		HideSolutionNode = FALSE
	EndGlobalSection
	GlobalSection(ExtensibilityGlobals) = postSolution
		SolutionGuid = {BE3BE905-579E-4BD6-A65F-0F57452491F9}
	EndGlobalSection
EndGlobal
