
Microsoft Visual Studio Solution File, Format Version 12.00
# Visual Studio Version 16
VisualStudioVersion = 16.0.29926.136
MinimumVisualStudioVersion = 10.0.40219.1
Project("{9A19103F-16F7-4668-BE54-9A1E7A4F7556}") = "english-booster", "english-booster.csproj", "{DA92BB46-112F-4A25-B7C8-FDED5DF11B20}"
EndProject
Global
	GlobalSection(SolutionConfigurationPlatforms) = preSolution
		Debug|Any CPU = Debug|Any CPU
		Release|Any CPU = Release|Any CPU
	EndGlobalSection
	GlobalSection(ProjectConfigurationPlatforms) = postSolution
		{DA92BB46-112F-4A25-B7C8-FDED5DF11B20}.Debug|Any CPU.ActiveCfg = Debug|Any CPU
		{DA92BB46-112F-4A25-B7C8-FDED5DF11B20}.Debug|Any CPU.Build.0 = Debug|Any CPU
		{DA92BB46-112F-4A25-B7C8-FDED5DF11B20}.Release|Any CPU.ActiveCfg = Release|Any CPU
		{DA92BB46-112F-4A25-B7C8-FDED5DF11B20}.Release|Any CPU.Build.0 = Release|Any CPU
	EndGlobalSection
	GlobalSection(SolutionProperties) = preSolution
		HideSolutionNode = FALSE
	EndGlobalSection
	GlobalSection(ExtensibilityGlobals) = postSolution
		SolutionGuid = {BE3BE905-579E-4BD6-A65F-0F57452491F9}
	EndGlobalSection
EndGlobal
